
Microsoft Visual Studio Solution File, Format Version 12.00
# Visual Studio Version 17
VisualStudioVersion = 17.9.34701.34
MinimumVisualStudioVersion = 10.0.40219.1
Project("{FAE04EC0-301F-11D3-BF4B-00C04F79EFBC}") = "LibraryManagementSystem.APIs", "LibraryManagementSystem.APIs\LibraryManagementSystem.APIs.csproj", "{7E176398-AE29-4A61-AD72-52B21F83CABD}"
EndProject
Project("{FAE04EC0-301F-11D3-BF4B-00C04F79EFBC}") = "LibraryManagementSystem.DAL", "LibraryManagementSystem.DAL\LibraryManagementSystem.DAL.csproj", "{1EDB3943-756F-4A3F-A965-A67EE7B99E5B}"
EndProject
Project("{FAE04EC0-301F-11D3-BF4B-00C04F79EFBC}") = "LibraryManagementSystem.BL", "LibraryManagementSystem.BL\LibraryManagementSystem.BL.csproj", "{0DAED2B4-92E2-4435-9C01-9BAFBBE1D717}"
EndProject
Global
	GlobalSection(SolutionConfigurationPlatforms) = preSolution
		Debug|Any CPU = Debug|Any CPU
		Release|Any CPU = Release|Any CPU
	EndGlobalSection
	GlobalSection(ProjectConfigurationPlatforms) = postSolution
		{7E176398-AE29-4A61-AD72-52B21F83CABD}.Debug|Any CPU.ActiveCfg = Debug|Any CPU
		{7E176398-AE29-4A61-AD72-52B21F83CABD}.Debug|Any CPU.Build.0 = Debug|Any CPU
		{7E176398-AE29-4A61-AD72-52B21F83CABD}.Release|Any CPU.ActiveCfg = Release|Any CPU
		{7E176398-AE29-4A61-AD72-52B21F83CABD}.Release|Any CPU.Build.0 = Release|Any CPU
		{1EDB3943-756F-4A3F-A965-A67EE7B99E5B}.Debug|Any CPU.ActiveCfg = Debug|Any CPU
		{1EDB3943-756F-4A3F-A965-A67EE7B99E5B}.Debug|Any CPU.Build.0 = Debug|Any CPU
		{1EDB3943-756F-4A3F-A965-A67EE7B99E5B}.Release|Any CPU.ActiveCfg = Release|Any CPU
		{1EDB3943-756F-4A3F-A965-A67EE7B99E5B}.Release|Any CPU.Build.0 = Release|Any CPU
		{0DAED2B4-92E2-4435-9C01-9BAFBBE1D717}.Debug|Any CPU.ActiveCfg = Debug|Any CPU
		{0DAED2B4-92E2-4435-9C01-9BAFBBE1D717}.Debug|Any CPU.Build.0 = Debug|Any CPU
		{0DAED2B4-92E2-4435-9C01-9BAFBBE1D717}.Release|Any CPU.ActiveCfg = Release|Any CPU
		{0DAED2B4-92E2-4435-9C01-9BAFBBE1D717}.Release|Any CPU.Build.0 = Release|Any CPU
	EndGlobalSection
	GlobalSection(SolutionProperties) = preSolution
		HideSolutionNode = FALSE
	EndGlobalSection
	GlobalSection(ExtensibilityGlobals) = postSolution
		SolutionGuid = {A18B3C73-0AD8-455E-A98F-B63ACE611A62}
	EndGlobalSection
EndGlobal
